
Microsoft Visual Studio Solution File, Format Version 12.00
# Visual Studio Version 17
VisualStudioVersion = 17.12.35728.132
MinimumVisualStudioVersion = 10.0.40219.1
Project("{FAE04EC0-301F-11D3-BF4B-00C04F79EFBC}") = "Mtd.Kiosk.TempMonitor.Service", "Mtd.Kiosk.TempMonitor.Service\Mtd.Kiosk.TempMonitor.Service.csproj", "{5DCA3892-08C6-2896-6A98-777D7E88D8BF}"
EndProject
Project("{FAE04EC0-301F-11D3-BF4B-00C04F79EFBC}") = "Mtd.Kiosk.TempMonitor.Adafruit", "Mtd.Kiosk.TempMonitor.Adafruit\Mtd.Kiosk.TempMonitor.Adafruit.csproj", "{87352F65-32BD-19D9-F52F-E226ED2F0A58}"
EndProject
Project("{FAE04EC0-301F-11D3-BF4B-00C04F79EFBC}") = "Mtd.Kiosk.TempMonitor.Core", "Mtd.Kiosk.TempMonitor.Core\Mtd.Kiosk.TempMonitor.Core.csproj", "{15FC8C86-35B1-F45F-6A3F-0F727A2D3F51}"
EndProject
Project("{FAE04EC0-301F-11D3-BF4B-00C04F79EFBC}") = "Mtd.Kiosk.TempMonitor.Vertiv", "Mtd.Kiosk.TempMonitor.Vertiv\Mtd.Kiosk.TempMonitor.Vertiv.csproj", "{6EED9D28-CA56-9D38-7220-FE507520A3FA}"
EndProject
Global
	GlobalSection(SolutionConfigurationPlatforms) = preSolution
		Debug|Any CPU = Debug|Any CPU
		Release|Any CPU = Release|Any CPU
	EndGlobalSection
	GlobalSection(ProjectConfigurationPlatforms) = postSolution
		{5DCA3892-08C6-2896-6A98-777D7E88D8BF}.Debug|Any CPU.ActiveCfg = Debug|Any CPU
		{5DCA3892-08C6-2896-6A98-777D7E88D8BF}.Debug|Any CPU.Build.0 = Debug|Any CPU
		{5DCA3892-08C6-2896-6A98-777D7E88D8BF}.Release|Any CPU.ActiveCfg = Release|Any CPU
		{5DCA3892-08C6-2896-6A98-777D7E88D8BF}.Release|Any CPU.Build.0 = Release|Any CPU
		{87352F65-32BD-19D9-F52F-E226ED2F0A58}.Debug|Any CPU.ActiveCfg = Debug|Any CPU
		{87352F65-32BD-19D9-F52F-E226ED2F0A58}.Debug|Any CPU.Build.0 = Debug|Any CPU
		{87352F65-32BD-19D9-F52F-E226ED2F0A58}.Release|Any CPU.ActiveCfg = Release|Any CPU
		{87352F65-32BD-19D9-F52F-E226ED2F0A58}.Release|Any CPU.Build.0 = Release|Any CPU
		{15FC8C86-35B1-F45F-6A3F-0F727A2D3F51}.Debug|Any CPU.ActiveCfg = Debug|Any CPU
		{15FC8C86-35B1-F45F-6A3F-0F727A2D3F51}.Debug|Any CPU.Build.0 = Debug|Any CPU
		{15FC8C86-35B1-F45F-6A3F-0F727A2D3F51}.Release|Any CPU.ActiveCfg = Release|Any CPU
		{15FC8C86-35B1-F45F-6A3F-0F727A2D3F51}.Release|Any CPU.Build.0 = Release|Any CPU
		{6EED9D28-CA56-9D38-7220-FE507520A3FA}.Debug|Any CPU.ActiveCfg = Debug|Any CPU
		{6EED9D28-CA56-9D38-7220-FE507520A3FA}.Debug|Any CPU.Build.0 = Debug|Any CPU
		{6EED9D28-CA56-9D38-7220-FE507520A3FA}.Release|Any CPU.ActiveCfg = Release|Any CPU
		{6EED9D28-CA56-9D38-7220-FE507520A3FA}.Release|Any CPU.Build.0 = Release|Any CPU
	EndGlobalSection
	GlobalSection(SolutionProperties) = preSolution
		HideSolutionNode = FALSE
	EndGlobalSection
	GlobalSection(ExtensibilityGlobals) = postSolution
		SolutionGuid = {F1BE902B-6622-4D0D-93F3-485E406FF533}
	EndGlobalSection
EndGlobal
